
Microsoft Visual Studio Solution File, Format Version 12.00
# Visual Studio Version 16
VisualStudioVersion = 16.0.30523.141
MinimumVisualStudioVersion = 10.0.40219.1
Project("{9A19103F-16F7-4668-BE54-9A1E7A4F7556}") = "TestApp", "TestApp\TestApp.csproj", "{D4231E99-D19E-4A4D-AEB4-C9853BB72617}"
EndProject
Project("{FAE04EC0-301F-11D3-BF4B-00C04F79EFBC}") = "TestApp.UnitTests", "TestApp.UnitTests\TestApp.UnitTests.csproj", "{F5FB8C9D-FA28-456A-9283-EE6D589E7438}"
EndProject
Project("{FAE04EC0-301F-11D3-BF4B-00C04F79EFBC}") = "TestApp.xUnitTests", "TestApp.xUnitTests\TestApp.xUnitTests.csproj", "{14BEF7AA-E41C-4D41-8318-E22B0E15816E}"
EndProject
Project("{FAE04EC0-301F-11D3-BF4B-00C04F79EFBC}") = "TestApp.FluentAssertionsUnitTests", "TestApp.FluentAssertionsUnitTests\TestApp.FluentAssertionsUnitTests.csproj", "{8926DAFA-D0F3-4A49-9C01-A95D5014C038}"
EndProject
Project("{FAE04EC0-301F-11D3-BF4B-00C04F79EFBC}") = "TestApp.FakesUnitTests", "TestApp.FakesUnitTests\TestApp.FakesUnitTests.csproj", "{A298F60D-A807-42A3-99D6-1D91B2783F25}"
EndProject
Project("{FAE04EC0-301F-11D3-BF4B-00C04F79EFBC}") = "TestApp.MocksUnitTests", "TestApp.MocksUnitTests\TestApp.MocksUnitTests.csproj", "{15E84544-AA37-454A-A8EE-FB8FEB297ABC}"
EndProject
Project("{FAE04EC0-301F-11D3-BF4B-00C04F79EFBC}") = "VehiclesApi", "VehiclesApi\VehiclesApi.csproj", "{848EE23B-4626-45B3-9E53-E2FAC2562D69}"
EndProject
Global
	GlobalSection(SolutionConfigurationPlatforms) = preSolution
		Debug|Any CPU = Debug|Any CPU
		Release|Any CPU = Release|Any CPU
	EndGlobalSection
	GlobalSection(ProjectConfigurationPlatforms) = postSolution
		{D4231E99-D19E-4A4D-AEB4-C9853BB72617}.Debug|Any CPU.ActiveCfg = Debug|Any CPU
		{D4231E99-D19E-4A4D-AEB4-C9853BB72617}.Debug|Any CPU.Build.0 = Debug|Any CPU
		{D4231E99-D19E-4A4D-AEB4-C9853BB72617}.Release|Any CPU.ActiveCfg = Release|Any CPU
		{D4231E99-D19E-4A4D-AEB4-C9853BB72617}.Release|Any CPU.Build.0 = Release|Any CPU
		{F5FB8C9D-FA28-456A-9283-EE6D589E7438}.Debug|Any CPU.ActiveCfg = Debug|Any CPU
		{F5FB8C9D-FA28-456A-9283-EE6D589E7438}.Debug|Any CPU.Build.0 = Debug|Any CPU
		{F5FB8C9D-FA28-456A-9283-EE6D589E7438}.Release|Any CPU.ActiveCfg = Release|Any CPU
		{F5FB8C9D-FA28-456A-9283-EE6D589E7438}.Release|Any CPU.Build.0 = Release|Any CPU
		{14BEF7AA-E41C-4D41-8318-E22B0E15816E}.Debug|Any CPU.ActiveCfg = Debug|Any CPU
		{14BEF7AA-E41C-4D41-8318-E22B0E15816E}.Debug|Any CPU.Build.0 = Debug|Any CPU
		{14BEF7AA-E41C-4D41-8318-E22B0E15816E}.Release|Any CPU.ActiveCfg = Release|Any CPU
		{14BEF7AA-E41C-4D41-8318-E22B0E15816E}.Release|Any CPU.Build.0 = Release|Any CPU
		{8926DAFA-D0F3-4A49-9C01-A95D5014C038}.Debug|Any CPU.ActiveCfg = Debug|Any CPU
		{8926DAFA-D0F3-4A49-9C01-A95D5014C038}.Debug|Any CPU.Build.0 = Debug|Any CPU
		{8926DAFA-D0F3-4A49-9C01-A95D5014C038}.Release|Any CPU.ActiveCfg = Release|Any CPU
		{8926DAFA-D0F3-4A49-9C01-A95D5014C038}.Release|Any CPU.Build.0 = Release|Any CPU
		{A298F60D-A807-42A3-99D6-1D91B2783F25}.Debug|Any CPU.ActiveCfg = Debug|Any CPU
		{A298F60D-A807-42A3-99D6-1D91B2783F25}.Debug|Any CPU.Build.0 = Debug|Any CPU
		{A298F60D-A807-42A3-99D6-1D91B2783F25}.Release|Any CPU.ActiveCfg = Release|Any CPU
		{A298F60D-A807-42A3-99D6-1D91B2783F25}.Release|Any CPU.Build.0 = Release|Any CPU
		{15E84544-AA37-454A-A8EE-FB8FEB297ABC}.Debug|Any CPU.ActiveCfg = Debug|Any CPU
		{15E84544-AA37-454A-A8EE-FB8FEB297ABC}.Debug|Any CPU.Build.0 = Debug|Any CPU
		{15E84544-AA37-454A-A8EE-FB8FEB297ABC}.Release|Any CPU.ActiveCfg = Release|Any CPU
		{15E84544-AA37-454A-A8EE-FB8FEB297ABC}.Release|Any CPU.Build.0 = Release|Any CPU
		{848EE23B-4626-45B3-9E53-E2FAC2562D69}.Debug|Any CPU.ActiveCfg = Debug|Any CPU
		{848EE23B-4626-45B3-9E53-E2FAC2562D69}.Debug|Any CPU.Build.0 = Debug|Any CPU
		{848EE23B-4626-45B3-9E53-E2FAC2562D69}.Release|Any CPU.ActiveCfg = Release|Any CPU
		{848EE23B-4626-45B3-9E53-E2FAC2562D69}.Release|Any CPU.Build.0 = Release|Any CPU
	EndGlobalSection
	GlobalSection(SolutionProperties) = preSolution
		HideSolutionNode = FALSE
	EndGlobalSection
	GlobalSection(ExtensibilityGlobals) = postSolution
		SolutionGuid = {BED58E6D-D88F-4DA2-818C-3D1FCB756028}
	EndGlobalSection
EndGlobal
